
Microsoft Visual Studio Solution File, Format Version 12.00
# Visual Studio Version 16
VisualStudioVersion = 16.0.29306.81
MinimumVisualStudioVersion = 10.0.40219.1
Project("{9A19103F-16F7-4668-BE54-9A1E7A4F7556}") = "ComoBlog.Web", "ComoBlog.Web\ComoBlog.Web.csproj", "{0370960D-F4BE-4CC1-8651-CCBE130C772C}"
EndProject
Project("{FAE04EC0-301F-11D3-BF4B-00C04F79EFBC}") = "ComoBlog.Data", "ComoBlog.Data\ComoBlog.Data.csproj", "{A6EAC68D-B59F-4D62-81A3-E2600B9B9563}"
EndProject
Global
	GlobalSection(SolutionConfigurationPlatforms) = preSolution
		Debug|Any CPU = Debug|Any CPU
		Release|Any CPU = Release|Any CPU
	EndGlobalSection
	GlobalSection(ProjectConfigurationPlatforms) = postSolution
		{0370960D-F4BE-4CC1-8651-CCBE130C772C}.Debug|Any CPU.ActiveCfg = Debug|Any CPU
		{0370960D-F4BE-4CC1-8651-CCBE130C772C}.Debug|Any CPU.Build.0 = Debug|Any CPU
		{0370960D-F4BE-4CC1-8651-CCBE130C772C}.Release|Any CPU.ActiveCfg = Release|Any CPU
		{0370960D-F4BE-4CC1-8651-CCBE130C772C}.Release|Any CPU.Build.0 = Release|Any CPU
		{A6EAC68D-B59F-4D62-81A3-E2600B9B9563}.Debug|Any CPU.ActiveCfg = Debug|Any CPU
		{A6EAC68D-B59F-4D62-81A3-E2600B9B9563}.Debug|Any CPU.Build.0 = Debug|Any CPU
		{A6EAC68D-B59F-4D62-81A3-E2600B9B9563}.Release|Any CPU.ActiveCfg = Release|Any CPU
		{A6EAC68D-B59F-4D62-81A3-E2600B9B9563}.Release|Any CPU.Build.0 = Release|Any CPU
	EndGlobalSection
	GlobalSection(SolutionProperties) = preSolution
		HideSolutionNode = FALSE
	EndGlobalSection
	GlobalSection(ExtensibilityGlobals) = postSolution
		SolutionGuid = {058C58C1-552A-4E15-ABBF-145B0EC9AB33}
	EndGlobalSection
EndGlobal
